{
    "_meta": {
        "hash": {
            "sha256": "6f1db61dd67573d17f6fece91e6299a7d4c11354ca9742a9f86cbd1a85453a91"
        },
        "pipfile-spec": 6,
        "requires": {
            "python_version": "3.8"
        },
        "sources": [
            {
                "name": "pypi",
                "url": "https://pypi.org/simple",
                "verify_ssl": true
            }
        ]
    },
    "default": {
        "certifi": {
            "hashes": [
                "sha256:2bbf76fd432960138b3ef6dda3dde0544f27cbf8546c458e60baf371917ba9ee",
                "sha256:50b1e4f8446b06f41be7dd6338db18e0990601dce795c2b1686458aa7e8fa7d8"
            ],
            "version": "==2021.5.30"
        },
        "chardet": {
            "hashes": [
                "sha256:0d6f53a15db4120f2b08c94f11e7d93d2c911ee118b6b30a04ec3ee8310179fa",
                "sha256:f864054d66fd9118f2e67044ac8981a54775ec5b67aed0441892edb553d21da5"
            ],
            "version": "==4.0.0"
        },
        "docutils": {
            "hashes": [
                "sha256:686577d2e4c32380bb50cbb22f575ed742d58168cee37e99117a854bcd88f125",
                "sha256:cf316c8370a737a022b72b56874f6602acf974a37a9fba42ec2876387549fc61"
            ],
            "version": "==0.17.1"
        },
        "idna": {
            "hashes": [
                "sha256:b307872f855b18632ce0c21c5e45be78c0ea7ae4c15c828c20788b26921eb3f6",
                "sha256:b97d804b1e9b523befed77c48dacec60e6dcb0b5391d57af6a65a312a90648c0"
            ],
            "version": "==2.10"
        },
        "kivy": {
            "hashes": [
                "sha256:11502f20961915cf61bc8d4c9c6e91799afeef802a457b202201ac64178bd5c9",
                "sha256:17240ce04d51349205dfa63a9582bf4bd8f0da9e7b366eb5ac3dc8ac0ada3fea",
                "sha256:2042b1a861de3927ebd81baae0bea6e322866a7cf41d7f698d4ede4265f460c3",
                "sha256:2fbb0fa7d2142ef8acf5de7a334a4d4db78adc5e76007679a0a8f0cb58146536",
                "sha256:3333f46de8b84120811cbc81745a7ed7f594db2ef159d154e1dc52783d98acce",
                "sha256:450f4d0b848cd927abb2558c4a6b596cab0bee10eab930e35cf8dbe0e3bfff3b",
                "sha256:4e7a202d4c120b6965526e00f5537f4d2f450478e60b8d3fc767cbe0339ef086",
                "sha256:5492f7ccc56527b3483b27dbe8eb3bb5e9d47f8ca7976a45fd5863638ba9f1bd",
                "sha256:62a3a554ff74b857a0f6143555d09e65d1e3843ecc11a6fb3de02751f8c6918e",
                "sha256:750dad044eff22fae83f110fc332e8565fdab8e6daaabd93131438f3bb05deb1",
                "sha256:7ef75443e5ffe075035dc38409bcb675d18812c9b72528156c5f8560dc242ab1",
                "sha256:9f543cd2ef999cb4055fb333f109a06e52c82a465eaa4cd594df48026c147900",
                "sha256:ae7a2b49e0a31f2a8b55e69c95b6088eed4ed14adfbc2c4df3f996ee66c09920",
                "sha256:b15207cc06bb92ae78a2ce1ed00ff827fd7cb15aa98bf41450e5576cbd5328f6",
                "sha256:ed81d88c1c943b13e028709ccd0590748787184db2c6f4c4f1b3b4905b5ca087"
            ],
            "path": "./vendors/Kivy-2.0.0rc2-cp38-cp38-macosx_10_13_x86_64.macosx_10_9_intel.macosx_10_9_x86_64.macosx_10_10_intel.macosx_10_10_x86_64.whl",
            "version": "==2.0.0rc2"
        },
        "kivy-garden": {
            "hashes": [
                "sha256:c256f42788421273a08fbb0a228f0fb0e80dd86b629fb8c0920507f645be6c72"
            ],
            "version": "==0.1.4"
        },
        "pygments": {
            "hashes": [
                "sha256:a18f47b506a429f6f4b9df81bb02beab9ca21d0a5fee38ed15aef65f0545519f",
                "sha256:d66e804411278594d764fc69ec36ec13d9ae9147193a1740cd34d272ca383b8e"
            ],
            "version": "==2.9.0"
        },
        "requests": {
            "hashes": [
                "sha256:27973dd4a904a4f13b263a19c866c13b92a39ed1c964655f025f3f8d3d75b804",
                "sha256:c210084e36a42ae6b9219e00e48287def368a26d03a048ddad7bfee44f75871e"
            ],
            "version": "==2.25.1"
        },
        "urllib3": {
            "hashes": [
                "sha256:753a0374df26658f99d826cfe40394a686d05985786d946fbe4165b5148f5a7c",
                "sha256:a7acd0977125325f516bda9735fa7142b909a8d01e8b2e4c8108d0984e6e0098"
            ],
            "index": "pypi",
            "version": "==1.26.5"
        }
    },
    "develop": {}
}
