{
    "_meta": {
        "hash": {
            "sha256": "6f1db61dd67573d17f6fece91e6299a7d4c11354ca9742a9f86cbd1a85453a91"
        },
        "pipfile-spec": 6,
        "requires": {
            "python_version": "3.8"
        },
        "sources": [
            {
                "name": "pypi",
                "url": "https://pypi.org/simple",
                "verify_ssl": true
            }
        ]
    },
    "default": {
        "certifi": {
            "hashes": [
                "sha256:1a4995114262bffbc2413b159f2a1a480c969de6e6eb13ee966d470af86af59c",
                "sha256:719a74fb9e33b9bd44cc7f3a8d94bc35e4049deebe19ba7d8e108280cfd59830"
            ],
            "version": "==2020.12.5"
        },
        "chardet": {
            "hashes": [
                "sha256:0d6f53a15db4120f2b08c94f11e7d93d2c911ee118b6b30a04ec3ee8310179fa",
                "sha256:f864054d66fd9118f2e67044ac8981a54775ec5b67aed0441892edb553d21da5"
            ],
            "version": "==4.0.0"
        },
        "docutils": {
            "hashes": [
                "sha256:0c5b78adfbf7762415433f5515cd5c9e762339e23369dbe8000d84a4bf4ab3af",
                "sha256:c2de3a60e9e7d07be26b7f2b00ca0309c207e06c100f9cc2a94931fc75a478fc"
            ],
            "version": "==0.16"
        },
        "idna": {
            "hashes": [
                "sha256:b307872f855b18632ce0c21c5e45be78c0ea7ae4c15c828c20788b26921eb3f6",
                "sha256:b97d804b1e9b523befed77c48dacec60e6dcb0b5391d57af6a65a312a90648c0"
            ],
            "version": "==2.10"
        },
        "kivy": {
            "hashes": [
                "sha256:11502f20961915cf61bc8d4c9c6e91799afeef802a457b202201ac64178bd5c9",
                "sha256:17240ce04d51349205dfa63a9582bf4bd8f0da9e7b366eb5ac3dc8ac0ada3fea",
                "sha256:2042b1a861de3927ebd81baae0bea6e322866a7cf41d7f698d4ede4265f460c3",
                "sha256:2fbb0fa7d2142ef8acf5de7a334a4d4db78adc5e76007679a0a8f0cb58146536",
                "sha256:3333f46de8b84120811cbc81745a7ed7f594db2ef159d154e1dc52783d98acce",
                "sha256:450f4d0b848cd927abb2558c4a6b596cab0bee10eab930e35cf8dbe0e3bfff3b",
                "sha256:4e7a202d4c120b6965526e00f5537f4d2f450478e60b8d3fc767cbe0339ef086",
                "sha256:5492f7ccc56527b3483b27dbe8eb3bb5e9d47f8ca7976a45fd5863638ba9f1bd",
                "sha256:62a3a554ff74b857a0f6143555d09e65d1e3843ecc11a6fb3de02751f8c6918e",
                "sha256:750dad044eff22fae83f110fc332e8565fdab8e6daaabd93131438f3bb05deb1",
                "sha256:7ef75443e5ffe075035dc38409bcb675d18812c9b72528156c5f8560dc242ab1",
                "sha256:9f543cd2ef999cb4055fb333f109a06e52c82a465eaa4cd594df48026c147900",
                "sha256:ae7a2b49e0a31f2a8b55e69c95b6088eed4ed14adfbc2c4df3f996ee66c09920",
                "sha256:b15207cc06bb92ae78a2ce1ed00ff827fd7cb15aa98bf41450e5576cbd5328f6",
                "sha256:ed81d88c1c943b13e028709ccd0590748787184db2c6f4c4f1b3b4905b5ca087"
            ],
            "path": "./vendors/Kivy-2.0.0rc2-cp38-cp38-macosx_10_13_x86_64.macosx_10_9_intel.macosx_10_9_x86_64.macosx_10_10_intel.macosx_10_10_x86_64.whl",
            "version": "==2.0.0rc2"
        },
        "kivy-garden": {
            "hashes": [
                "sha256:c256f42788421273a08fbb0a228f0fb0e80dd86b629fb8c0920507f645be6c72"
            ],
            "version": "==0.1.4"
        },
        "pygments": {
            "hashes": [
                "sha256:bc9591213a8f0e0ca1a5e68a479b4887fdc3e75d0774e5c71c31920c427de435",
                "sha256:df49d09b498e83c1a73128295860250b0b7edd4c723a32e9bc0d295c7c2ec337"
            ],
            "index": "pypi",
            "version": "==2.7.4"
        },
        "requests": {
            "hashes": [
                "sha256:27973dd4a904a4f13b263a19c866c13b92a39ed1c964655f025f3f8d3d75b804",
                "sha256:c210084e36a42ae6b9219e00e48287def368a26d03a048ddad7bfee44f75871e"
            ],
            "version": "==2.25.1"
        },
        "urllib3": {
            "hashes": [
                "sha256:2f4da4594db7e1e110a944bb1b551fdf4e6c136ad42e4234131391e21eb5b0df",
                "sha256:e7b021f7241115872f92f43c6508082facffbd1c048e3c6e2bb9c2a157e28937"
            ],
            "version": "==1.26.4"
        }
    },
    "develop": {}
}
